<?xml version="1.0" encoding="utf-8"?>
<Project ToolsVersion="4.0" xmlns="http://schemas.microsoft.com/developer/msbuild/2003">
  <ItemGroup>
    <Filter Include="BhanuEngine">
      <UniqueIdentifier>{69495E70-D5FE-D665-5EF3-D03CCAA7CD69}</UniqueIdentifier>
    </Filter>
  </ItemGroup>
  <ItemGroup>
    <ClInclude Include="src\BhanuEngine.h" />
    <ClInclude Include="src\BhanuEngine\BhanuEngineApp.h">
      <Filter>BhanuEngine</Filter>
    </ClInclude>
    <ClInclude Include="src\BhanuEngine\Core.h">
      <Filter>BhanuEngine</Filter>
    </ClInclude>
    <ClInclude Include="src\BhanuEngine\EntryPoint.h">
      <Filter>BhanuEngine</Filter>
    </ClInclude>
    <ClInclude Include="src\BhanuEngine\Log.h">
      <Filter>BhanuEngine</Filter>
    </ClInclude>
  </ItemGroup>
  <ItemGroup>
    <ClCompile Include="src\BhanuEngine\BhanuEngineApp.cpp">
      <Filter>BhanuEngine</Filter>
    </ClCompile>
    <ClCompile Include="src\BhanuEngine\Log.cpp">
      <Filter>BhanuEngine</Filter>
    </ClCompile>
  </ItemGroup>
</Project>